// !$*UTF8*$!
{
	archiveVersion = 1;
	classes = {
	};
	objectVersion = 46;
	objects = {

/* Begin PBXBuildFile section */
		C50E97011E568ADA00A507C8 /* fullscreen.jpg in Resources */ = {isa = PBXBuildFile; fileRef = C50E97001E568ADA00A507C8 /* fullscreen.jpg */; };
		C50E97021E568ADA00A507C8 /* fullscreen.jpg in Resources */ = {isa = PBXBuildFile; fileRef = C50E97001E568ADA00A507C8 /* fullscreen.jpg */; };
		C51928311E4144C300CE0BD1 /* SimpleCacheStoreTests.swift in Sources */ = {isa = PBXBuildFile; fileRef = C51928301E4144C300CE0BD1 /* SimpleCacheStoreTests.swift */; };
		C51928331E4144C300CE0BD1 /* SimpleCacheStore.framework in Frameworks */ = {isa = PBXBuildFile; fileRef = C59316271D3958FA00C3424C /* SimpleCacheStore.framework */; };
		C519283A1E4145A900CE0BD1 /* TestObject.swift in Sources */ = {isa = PBXBuildFile; fileRef = C51928391E4145A900CE0BD1 /* TestObject.swift */; };
		C565ABD11E56616C00225A76 /* SCLog.swift in Sources */ = {isa = PBXBuildFile; fileRef = C565ABD01E56616C00225A76 /* SCLog.swift */; };
		C56BA4BA1D3EB52F00263ECE /* SCGlobalOptions.swift in Sources */ = {isa = PBXBuildFile; fileRef = C56BA4B91D3EB52F00263ECE /* SCGlobalOptions.swift */; };
		C56BA4BF1D3EB6FC00263ECE /* SCManager.swift in Sources */ = {isa = PBXBuildFile; fileRef = C56BA4BE1D3EB6FC00263ECE /* SCManager.swift */; };
		C56BA4CA1D3ECAB900263ECE /* CoreDataHandler.swift in Sources */ = {isa = PBXBuildFile; fileRef = C56BA4C91D3ECAB900263ECE /* CoreDataHandler.swift */; };
		C56BA4D91D3ED52500263ECE /* SCCacheManager.swift in Sources */ = {isa = PBXBuildFile; fileRef = C56BA4D81D3ED52500263ECE /* SCCacheManager.swift */; };
		C593162B1D3958FA00C3424C /* SimpleCacheStore.h in Headers */ = {isa = PBXBuildFile; fileRef = C593162A1D3958FA00C3424C /* SimpleCacheStore.h */; settings = {ATTRIBUTES = (Public, ); }; };
		C59316331D39591600C3424C /* SCCoreDataManager.swift in Sources */ = {isa = PBXBuildFile; fileRef = C59316321D39591600C3424C /* SCCoreDataManager.swift */; };
		C59316381D3959D400C3424C /* SimpleCache.xcdatamodeld in Sources */ = {isa = PBXBuildFile; fileRef = C59316361D3959D400C3424C /* SimpleCache.xcdatamodeld */; };
		C593163C1D395AD100C3424C /* CacheObject.swift in Sources */ = {isa = PBXBuildFile; fileRef = C593163A1D395AD100C3424C /* CacheObject.swift */; };
		C5E3B7621D42E68D0006D932 /* SCCacheWalker.swift in Sources */ = {isa = PBXBuildFile; fileRef = C5E3B7611D42E68D0006D932 /* SCCacheWalker.swift */; };
/* End PBXBuildFile section */

/* Begin PBXContainerItemProxy section */
		C51928341E4144C300CE0BD1 /* PBXContainerItemProxy */ = {
			isa = PBXContainerItemProxy;
			containerPortal = C593161E1D3958F900C3424C /* Project object */;
			proxyType = 1;
			remoteGlobalIDString = C59316261D3958F900C3424C;
			remoteInfo = SimpleCacheStore;
		};
/* End PBXContainerItemProxy section */

/* Begin PBXFileReference section */
		C50E97001E568ADA00A507C8 /* fullscreen.jpg */ = {isa = PBXFileReference; lastKnownFileType = image.jpeg; path = fullscreen.jpg; sourceTree = "<group>"; };
		C519282E1E4144C300CE0BD1 /* SimpleCacheStoreTests.xctest */ = {isa = PBXFileReference; explicitFileType = wrapper.cfbundle; includeInIndex = 0; path = SimpleCacheStoreTests.xctest; sourceTree = BUILT_PRODUCTS_DIR; };
		C51928301E4144C300CE0BD1 /* SimpleCacheStoreTests.swift */ = {isa = PBXFileReference; lastKnownFileType = sourcecode.swift; path = SimpleCacheStoreTests.swift; sourceTree = "<group>"; };
		C51928321E4144C300CE0BD1 /* Info.plist */ = {isa = PBXFileReference; lastKnownFileType = text.plist.xml; path = Info.plist; sourceTree = "<group>"; };
		C51928391E4145A900CE0BD1 /* TestObject.swift */ = {isa = PBXFileReference; fileEncoding = 4; lastKnownFileType = sourcecode.swift; path = TestObject.swift; sourceTree = "<group>"; };
		C565ABD01E56616C00225A76 /* SCLog.swift */ = {isa = PBXFileReference; fileEncoding = 4; lastKnownFileType = sourcecode.swift; path = SCLog.swift; sourceTree = "<group>"; };
		C56BA4B91D3EB52F00263ECE /* SCGlobalOptions.swift */ = {isa = PBXFileReference; fileEncoding = 4; lastKnownFileType = sourcecode.swift; path = SCGlobalOptions.swift; sourceTree = "<group>"; };
		C56BA4BE1D3EB6FC00263ECE /* SCManager.swift */ = {isa = PBXFileReference; fileEncoding = 4; lastKnownFileType = sourcecode.swift; path = SCManager.swift; sourceTree = "<group>"; };
		C56BA4C91D3ECAB900263ECE /* CoreDataHandler.swift */ = {isa = PBXFileReference; fileEncoding = 4; lastKnownFileType = sourcecode.swift; path = CoreDataHandler.swift; sourceTree = "<group>"; };
		C56BA4D81D3ED52500263ECE /* SCCacheManager.swift */ = {isa = PBXFileReference; fileEncoding = 4; lastKnownFileType = sourcecode.swift; path = SCCacheManager.swift; sourceTree = "<group>"; };
		C59316271D3958FA00C3424C /* SimpleCacheStore.framework */ = {isa = PBXFileReference; explicitFileType = wrapper.framework; includeInIndex = 0; path = SimpleCacheStore.framework; sourceTree = BUILT_PRODUCTS_DIR; };
		C593162A1D3958FA00C3424C /* SimpleCacheStore.h */ = {isa = PBXFileReference; lastKnownFileType = sourcecode.c.h; path = SimpleCacheStore.h; sourceTree = "<group>"; };
		C593162C1D3958FA00C3424C /* Info.plist */ = {isa = PBXFileReference; lastKnownFileType = text.plist.xml; path = Info.plist; sourceTree = "<group>"; };
		C59316321D39591600C3424C /* SCCoreDataManager.swift */ = {isa = PBXFileReference; fileEncoding = 4; lastKnownFileType = sourcecode.swift; path = SCCoreDataManager.swift; sourceTree = "<group>"; };
		C59316371D3959D400C3424C /* SimpleCache.xcdatamodel */ = {isa = PBXFileReference; lastKnownFileType = wrapper.xcdatamodel; path = SimpleCache.xcdatamodel; sourceTree = "<group>"; };
		C593163A1D395AD100C3424C /* CacheObject.swift */ = {isa = PBXFileReference; fileEncoding = 4; lastKnownFileType = sourcecode.swift; name = CacheObject.swift; path = ../CacheObject.swift; sourceTree = "<group>"; };
		C5E3B7611D42E68D0006D932 /* SCCacheWalker.swift */ = {isa = PBXFileReference; fileEncoding = 4; lastKnownFileType = sourcecode.swift; path = SCCacheWalker.swift; sourceTree = "<group>"; };
/* End PBXFileReference section */

/* Begin PBXFrameworksBuildPhase section */
		C519282B1E4144C300CE0BD1 /* Frameworks */ = {
			isa = PBXFrameworksBuildPhase;
			buildActionMask = 2147483647;
			files = (
				C51928331E4144C300CE0BD1 /* SimpleCacheStore.framework in Frameworks */,
			);
			runOnlyForDeploymentPostprocessing = 0;
		};
		C59316231D3958F900C3424C /* Frameworks */ = {
			isa = PBXFrameworksBuildPhase;
			buildActionMask = 2147483647;
			files = (
			);
			runOnlyForDeploymentPostprocessing = 0;
		};
/* End PBXFrameworksBuildPhase section */

/* Begin PBXGroup section */
		C519282F1E4144C300CE0BD1 /* SimpleCacheStoreTests */ = {
			isa = PBXGroup;
			children = (
				C51928391E4145A900CE0BD1 /* TestObject.swift */,
				C51928301E4144C300CE0BD1 /* SimpleCacheStoreTests.swift */,
				C51928321E4144C300CE0BD1 /* Info.plist */,
			);
			path = SimpleCacheStoreTests;
			sourceTree = "<group>";
		};
		C565ABD21E56617B00225A76 /* SCLog */ = {
			isa = PBXGroup;
			children = (
				C565ABD01E56616C00225A76 /* SCLog.swift */,
			);
			name = SCLog;
			sourceTree = "<group>";
		};
		C56BA4BB1D3EB68600263ECE /* SCCoreData */ = {
			isa = PBXGroup;
			children = (
				C59316321D39591600C3424C /* SCCoreDataManager.swift */,
				C56BA4C91D3ECAB900263ECE /* CoreDataHandler.swift */,
			);
			name = SCCoreData;
			sourceTree = "<group>";
		};
		C56BA4BC1D3EB69D00263ECE /* Supporting Files */ = {
			isa = PBXGroup;
			children = (
				C593162C1D3958FA00C3424C /* Info.plist */,
				C59316361D3959D400C3424C /* SimpleCache.xcdatamodeld */,
			);
			name = "Supporting Files";
			sourceTree = "<group>";
		};
		C56BA4BD1D3EB6B000263ECE /* Models */ = {
			isa = PBXGroup;
			children = (
				C593163A1D395AD100C3424C /* CacheObject.swift */,
			);
			name = Models;
			sourceTree = "<group>";
		};
		C56BA4D71D3ED51100263ECE /* SCCache */ = {
			isa = PBXGroup;
			children = (
				C56BA4D81D3ED52500263ECE /* SCCacheManager.swift */,
				C5E3B7611D42E68D0006D932 /* SCCacheWalker.swift */,
			);
			name = SCCache;
			sourceTree = "<group>";
		};
		C593161D1D3958F900C3424C = {
			isa = PBXGroup;
			children = (
				C59316291D3958FA00C3424C /* SimpleCacheStore */,
				C519282F1E4144C300CE0BD1 /* SimpleCacheStoreTests */,
				C59316281D3958FA00C3424C /* Products */,
			);
			sourceTree = "<group>";
		};
		C59316281D3958FA00C3424C /* Products */ = {
			isa = PBXGroup;
			children = (
				C59316271D3958FA00C3424C /* SimpleCacheStore.framework */,
				C519282E1E4144C300CE0BD1 /* SimpleCacheStoreTests.xctest */,
			);
			name = Products;
			sourceTree = "<group>";
		};
		C59316291D3958FA00C3424C /* SimpleCacheStore */ = {
			isa = PBXGroup;
			children = (
				C50E97001E568ADA00A507C8 /* fullscreen.jpg */,
				C593162A1D3958FA00C3424C /* SimpleCacheStore.h */,
				C56BA4BE1D3EB6FC00263ECE /* SCManager.swift */,
				C56BA4B91D3EB52F00263ECE /* SCGlobalOptions.swift */,
				C56BA4D71D3ED51100263ECE /* SCCache */,
				C56BA4BB1D3EB68600263ECE /* SCCoreData */,
				C565ABD21E56617B00225A76 /* SCLog */,
				C56BA4BD1D3EB6B000263ECE /* Models */,
				C56BA4BC1D3EB69D00263ECE /* Supporting Files */,
			);
			path = SimpleCacheStore;
			sourceTree = "<group>";
		};
/* End PBXGroup section */

/* Begin PBXHeadersBuildPhase section */
		C59316241D3958F900C3424C /* Headers */ = {
			isa = PBXHeadersBuildPhase;
			buildActionMask = 2147483647;
			files = (
				C593162B1D3958FA00C3424C /* SimpleCacheStore.h in Headers */,
			);
			runOnlyForDeploymentPostprocessing = 0;
		};
/* End PBXHeadersBuildPhase section */

/* Begin PBXNativeTarget section */
		C519282D1E4144C300CE0BD1 /* SimpleCacheStoreTests */ = {
			isa = PBXNativeTarget;
			buildConfigurationList = C51928381E4144C300CE0BD1 /* Build configuration list for PBXNativeTarget "SimpleCacheStoreTests" */;
			buildPhases = (
				C519282A1E4144C300CE0BD1 /* Sources */,
				C519282B1E4144C300CE0BD1 /* Frameworks */,
				C519282C1E4144C300CE0BD1 /* Resources */,
			);
			buildRules = (
			);
			dependencies = (
				C51928351E4144C300CE0BD1 /* PBXTargetDependency */,
			);
			name = SimpleCacheStoreTests;
			productName = SimpleCacheStoreTests;
			productReference = C519282E1E4144C300CE0BD1 /* SimpleCacheStoreTests.xctest */;
			productType = "com.apple.product-type.bundle.unit-test";
		};
		C59316261D3958F900C3424C /* SimpleCacheStore */ = {
			isa = PBXNativeTarget;
			buildConfigurationList = C593162F1D3958FA00C3424C /* Build configuration list for PBXNativeTarget "SimpleCacheStore" */;
			buildPhases = (
				C59316221D3958F900C3424C /* Sources */,
				C59316231D3958F900C3424C /* Frameworks */,
				C59316241D3958F900C3424C /* Headers */,
				C59316251D3958F900C3424C /* Resources */,
			);
			buildRules = (
			);
			dependencies = (
			);
			name = SimpleCacheStore;
			productName = SimpleCacheStore;
			productReference = C59316271D3958FA00C3424C /* SimpleCacheStore.framework */;
			productType = "com.apple.product-type.framework";
		};
/* End PBXNativeTarget section */

/* Begin PBXProject section */
		C593161E1D3958F900C3424C /* Project object */ = {
			isa = PBXProject;
			attributes = {
				LastSwiftUpdateCheck = 0820;
				LastUpgradeCheck = 0730;
				ORGANIZATIONNAME = "Moritz Kanzler";
				TargetAttributes = {
					C519282D1E4144C300CE0BD1 = {
						CreatedOnToolsVersion = 8.2.1;
						DevelopmentTeam = ELU5666M3R;
						ProvisioningStyle = Automatic;
					};
					C59316261D3958F900C3424C = {
						CreatedOnToolsVersion = 7.3.1;
						DevelopmentTeam = ELU5666M3R;
						LastSwiftMigration = 0820;
					};
				};
			};
			buildConfigurationList = C59316211D3958F900C3424C /* Build configuration list for PBXProject "SimpleCacheStore" */;
			compatibilityVersion = "Xcode 3.2";
			developmentRegion = English;
			hasScannedForEncodings = 0;
			knownRegions = (
				en,
			);
			mainGroup = C593161D1D3958F900C3424C;
			productRefGroup = C59316281D3958FA00C3424C /* Products */;
			projectDirPath = "";
			projectRoot = "";
			targets = (
				C59316261D3958F900C3424C /* SimpleCacheStore */,
				C519282D1E4144C300CE0BD1 /* SimpleCacheStoreTests */,
			);
		};
/* End PBXProject section */

/* Begin PBXResourcesBuildPhase section */
		C519282C1E4144C300CE0BD1 /* Resources */ = {
			isa = PBXResourcesBuildPhase;
			buildActionMask = 2147483647;
			files = (
				C50E97021E568ADA00A507C8 /* fullscreen.jpg in Resources */,
			);
			runOnlyForDeploymentPostprocessing = 0;
		};
		C59316251D3958F900C3424C /* Resources */ = {
			isa = PBXResourcesBuildPhase;
			buildActionMask = 2147483647;
			files = (
				C50E97011E568ADA00A507C8 /* fullscreen.jpg in Resources */,
			);
			runOnlyForDeploymentPostprocessing = 0;
		};
/* End PBXResourcesBuildPhase section */

/* Begin PBXSourcesBuildPhase section */
		C519282A1E4144C300CE0BD1 /* Sources */ = {
			isa = PBXSourcesBuildPhase;
			buildActionMask = 2147483647;
			files = (
				C519283A1E4145A900CE0BD1 /* TestObject.swift in Sources */,
				C51928311E4144C300CE0BD1 /* SimpleCacheStoreTests.swift in Sources */,
			);
			runOnlyForDeploymentPostprocessing = 0;
		};
		C59316221D3958F900C3424C /* Sources */ = {
			isa = PBXSourcesBuildPhase;
			buildActionMask = 2147483647;
			files = (
				C56BA4CA1D3ECAB900263ECE /* CoreDataHandler.swift in Sources */,
				C56BA4BA1D3EB52F00263ECE /* SCGlobalOptions.swift in Sources */,
				C5E3B7621D42E68D0006D932 /* SCCacheWalker.swift in Sources */,
				C59316381D3959D400C3424C /* SimpleCache.xcdatamodeld in Sources */,
				C56BA4D91D3ED52500263ECE /* SCCacheManager.swift in Sources */,
				C565ABD11E56616C00225A76 /* SCLog.swift in Sources */,
				C56BA4BF1D3EB6FC00263ECE /* SCManager.swift in Sources */,
				C593163C1D395AD100C3424C /* CacheObject.swift in Sources */,
				C59316331D39591600C3424C /* SCCoreDataManager.swift in Sources */,
			);
			runOnlyForDeploymentPostprocessing = 0;
		};
/* End PBXSourcesBuildPhase section */

/* Begin PBXTargetDependency section */
		C51928351E4144C300CE0BD1 /* PBXTargetDependency */ = {
			isa = PBXTargetDependency;
			target = C59316261D3958F900C3424C /* SimpleCacheStore */;
			targetProxy = C51928341E4144C300CE0BD1 /* PBXContainerItemProxy */;
		};
/* End PBXTargetDependency section */

/* Begin XCBuildConfiguration section */
		C51928361E4144C300CE0BD1 /* Debug */ = {
			isa = XCBuildConfiguration;
			buildSettings = {
				CLANG_WARN_DOCUMENTATION_COMMENTS = YES;
				CLANG_WARN_INFINITE_RECURSION = YES;
				CLANG_WARN_SUSPICIOUS_MOVE = YES;
				DEVELOPMENT_TEAM = ELU5666M3R;
				INFOPLIST_FILE = SimpleCacheStoreTests/Info.plist;
				IPHONEOS_DEPLOYMENT_TARGET = 10.2;
				LD_RUNPATH_SEARCH_PATHS = "$(inherited) @executable_path/Frameworks @loader_path/Frameworks";
				PRODUCT_BUNDLE_IDENTIFIER = MK.SimpleCacheStoreTests;
				PRODUCT_NAME = "$(TARGET_NAME)";
				SWIFT_ACTIVE_COMPILATION_CONDITIONS = DEBUG;
				SWIFT_VERSION = 3.0;
			};
			name = Debug;
		};
		C51928371E4144C300CE0BD1 /* Release */ = {
			isa = XCBuildConfiguration;
			buildSettings = {
				CLANG_WARN_DOCUMENTATION_COMMENTS = YES;
				CLANG_WARN_INFINITE_RECURSION = YES;
				CLANG_WARN_SUSPICIOUS_MOVE = YES;
				DEVELOPMENT_TEAM = ELU5666M3R;
				INFOPLIST_FILE = SimpleCacheStoreTests/Info.plist;
				IPHONEOS_DEPLOYMENT_TARGET = 10.2;
				LD_RUNPATH_SEARCH_PATHS = "$(inherited) @executable_path/Frameworks @loader_path/Frameworks";
				PRODUCT_BUNDLE_IDENTIFIER = MK.SimpleCacheStoreTests;
				PRODUCT_NAME = "$(TARGET_NAME)";
				SWIFT_OPTIMIZATION_LEVEL = "-Owholemodule";
				SWIFT_VERSION = 3.0;
			};
			name = Release;
		};
		C593162D1D3958FA00C3424C /* Debug */ = {
			isa = XCBuildConfiguration;
			buildSettings = {
				ALWAYS_SEARCH_USER_PATHS = NO;
				CLANG_ANALYZER_NONNULL = YES;
				CLANG_CXX_LANGUAGE_STANDARD = "gnu++0x";
				CLANG_CXX_LIBRARY = "libc++";
				CLANG_ENABLE_MODULES = YES;
				CLANG_ENABLE_OBJC_ARC = YES;
				CLANG_WARN_BOOL_CONVERSION = YES;
				CLANG_WARN_CONSTANT_CONVERSION = YES;
				CLANG_WARN_DIRECT_OBJC_ISA_USAGE = YES_ERROR;
				CLANG_WARN_EMPTY_BODY = YES;
				CLANG_WARN_ENUM_CONVERSION = YES;
				CLANG_WARN_INT_CONVERSION = YES;
				CLANG_WARN_OBJC_ROOT_CLASS = YES_ERROR;
				CLANG_WARN_UNREACHABLE_CODE = YES;
				CLANG_WARN__DUPLICATE_METHOD_MATCH = YES;
				"CODE_SIGN_IDENTITY[sdk=iphoneos*]" = "iPhone Developer";
				COPY_PHASE_STRIP = NO;
				CURRENT_PROJECT_VERSION = 1;
				DEBUG_INFORMATION_FORMAT = dwarf;
				ENABLE_STRICT_OBJC_MSGSEND = YES;
				ENABLE_TESTABILITY = YES;
				GCC_C_LANGUAGE_STANDARD = gnu99;
				GCC_DYNAMIC_NO_PIC = NO;
				GCC_NO_COMMON_BLOCKS = YES;
				GCC_OPTIMIZATION_LEVEL = 0;
				GCC_PREPROCESSOR_DEFINITIONS = (
					"DEBUG=1",
					"$(inherited)",
				);
				GCC_WARN_64_TO_32_BIT_CONVERSION = YES;
				GCC_WARN_ABOUT_RETURN_TYPE = YES_ERROR;
				GCC_WARN_UNDECLARED_SELECTOR = YES;
				GCC_WARN_UNINITIALIZED_AUTOS = YES_AGGRESSIVE;
				GCC_WARN_UNUSED_FUNCTION = YES;
				GCC_WARN_UNUSED_VARIABLE = YES;
				IPHONEOS_DEPLOYMENT_TARGET = 9.3;
				MTL_ENABLE_DEBUG_INFO = YES;
				ONLY_ACTIVE_ARCH = YES;
				SDKROOT = iphoneos;
				SWIFT_OPTIMIZATION_LEVEL = "-Onone";
				TARGETED_DEVICE_FAMILY = "1,2";
				VERSIONING_SYSTEM = "apple-generic";
				VERSION_INFO_PREFIX = "";
			};
			name = Debug;
		};
		C593162E1D3958FA00C3424C /* Release */ = {
			isa = XCBuildConfiguration;
			buildSettings = {
				ALWAYS_SEARCH_USER_PATHS = NO;
				CLANG_ANALYZER_NONNULL = YES;
				CLANG_CXX_LANGUAGE_STANDARD = "gnu++0x";
				CLANG_CXX_LIBRARY = "libc++";
				CLANG_ENABLE_MODULES = YES;
				CLANG_ENABLE_OBJC_ARC = YES;
				CLANG_WARN_BOOL_CONVERSION = YES;
				CLANG_WARN_CONSTANT_CONVERSION = YES;
				CLANG_WARN_DIRECT_OBJC_ISA_USAGE = YES_ERROR;
				CLANG_WARN_EMPTY_BODY = YES;
				CLANG_WARN_ENUM_CONVERSION = YES;
				CLANG_WARN_INT_CONVERSION = YES;
				CLANG_WARN_OBJC_ROOT_CLASS = YES_ERROR;
				CLANG_WARN_UNREACHABLE_CODE = YES;
				CLANG_WARN__DUPLICATE_METHOD_MATCH = YES;
				"CODE_SIGN_IDENTITY[sdk=iphoneos*]" = "iPhone Developer";
				COPY_PHASE_STRIP = NO;
				CURRENT_PROJECT_VERSION = 1;
				DEBUG_INFORMATION_FORMAT = "dwarf-with-dsym";
				ENABLE_NS_ASSERTIONS = NO;
				ENABLE_STRICT_OBJC_MSGSEND = YES;
				GCC_C_LANGUAGE_STANDARD = gnu99;
				GCC_NO_COMMON_BLOCKS = YES;
				GCC_WARN_64_TO_32_BIT_CONVERSION = YES;
				GCC_WARN_ABOUT_RETURN_TYPE = YES_ERROR;
				GCC_WARN_UNDECLARED_SELECTOR = YES;
				GCC_WARN_UNINITIALIZED_AUTOS = YES_AGGRESSIVE;
				GCC_WARN_UNUSED_FUNCTION = YES;
				GCC_WARN_UNUSED_VARIABLE = YES;
				IPHONEOS_DEPLOYMENT_TARGET = 9.3;
				MTL_ENABLE_DEBUG_INFO = NO;
				SDKROOT = iphoneos;
				TARGETED_DEVICE_FAMILY = "1,2";
				VALIDATE_PRODUCT = YES;
				VERSIONING_SYSTEM = "apple-generic";
				VERSION_INFO_PREFIX = "";
			};
			name = Release;
		};
		C59316301D3958FA00C3424C /* Debug */ = {
			isa = XCBuildConfiguration;
			buildSettings = {
				CLANG_ENABLE_MODULES = YES;
				"CODE_SIGN_IDENTITY[sdk=iphoneos*]" = "iPhone Developer";
				DEFINES_MODULE = YES;
				DEVELOPMENT_TEAM = ELU5666M3R;
				DYLIB_COMPATIBILITY_VERSION = 1;
				DYLIB_CURRENT_VERSION = 1;
				DYLIB_INSTALL_NAME_BASE = "@rpath";
				INFOPLIST_FILE = SimpleCacheStore/Info.plist;
				INSTALL_PATH = "$(LOCAL_LIBRARY_DIR)/Frameworks";
				IPHONEOS_DEPLOYMENT_TARGET = 10.0;
				LD_RUNPATH_SEARCH_PATHS = "$(inherited) @executable_path/Frameworks @loader_path/Frameworks";
				ONLY_ACTIVE_ARCH = NO;
				PRODUCT_BUNDLE_IDENTIFIER = MK.SimpleCacheStore;
				PRODUCT_NAME = "$(TARGET_NAME)";
				SKIP_INSTALL = YES;
				SWIFT_OPTIMIZATION_LEVEL = "-Onone";
				SWIFT_VERSION = 3.0;
			};
			name = Debug;
		};
		C59316311D3958FA00C3424C /* Release */ = {
			isa = XCBuildConfiguration;
			buildSettings = {
				CLANG_ENABLE_MODULES = YES;
				DEFINES_MODULE = YES;
				DEVELOPMENT_TEAM = ELU5666M3R;
				DYLIB_COMPATIBILITY_VERSION = 1;
				DYLIB_CURRENT_VERSION = 1;
				DYLIB_INSTALL_NAME_BASE = "@rpath";
				INFOPLIST_FILE = SimpleCacheStore/Info.plist;
				INSTALL_PATH = "$(LOCAL_LIBRARY_DIR)/Frameworks";
				IPHONEOS_DEPLOYMENT_TARGET = 10.0;
				LD_RUNPATH_SEARCH_PATHS = "$(inherited) @executable_path/Frameworks @loader_path/Frameworks";
				ONLY_ACTIVE_ARCH = YES;
				PRODUCT_BUNDLE_IDENTIFIER = MK.SimpleCacheStore;
				PRODUCT_NAME = "$(TARGET_NAME)";
				SKIP_INSTALL = YES;
				SWIFT_VERSION = 3.0;
			};
			name = Release;
		};
/* End XCBuildConfiguration section */

/* Begin XCConfigurationList section */
		C51928381E4144C300CE0BD1 /* Build configuration list for PBXNativeTarget "SimpleCacheStoreTests" */ = {
			isa = XCConfigurationList;
			buildConfigurations = (
				C51928361E4144C300CE0BD1 /* Debug */,
				C51928371E4144C300CE0BD1 /* Release */,
			);
			defaultConfigurationIsVisible = 0;
			defaultConfigurationName = Release;
		};
		C59316211D3958F900C3424C /* Build configuration list for PBXProject "SimpleCacheStore" */ = {
			isa = XCConfigurationList;
			buildConfigurations = (
				C593162D1D3958FA00C3424C /* Debug */,
				C593162E1D3958FA00C3424C /* Release */,
			);
			defaultConfigurationIsVisible = 0;
			defaultConfigurationName = Release;
		};
		C593162F1D3958FA00C3424C /* Build configuration list for PBXNativeTarget "SimpleCacheStore" */ = {
			isa = XCConfigurationList;
			buildConfigurations = (
				C59316301D3958FA00C3424C /* Debug */,
				C59316311D3958FA00C3424C /* Release */,
			);
			defaultConfigurationIsVisible = 0;
			defaultConfigurationName = Release;
		};
/* End XCConfigurationList section */

/* Begin XCVersionGroup section */
		C59316361D3959D400C3424C /* SimpleCache.xcdatamodeld */ = {
			isa = XCVersionGroup;
			children = (
				C59316371D3959D400C3424C /* SimpleCache.xcdatamodel */,
			);
			currentVersion = C59316371D3959D400C3424C /* SimpleCache.xcdatamodel */;
			path = SimpleCache.xcdatamodeld;
			sourceTree = "<group>";
			versionGroupType = wrapper.xcdatamodel;
		};
/* End XCVersionGroup section */
	};
	rootObject = C593161E1D3958F900C3424C /* Project object */;
}
